// !$*UTF8*$!
{
	archiveVersion = 1;
	classes = {
	};
	objectVersion = 50;
	objects = {

/* Begin PBXBuildFile section */
		B777B95A27647DED00EF0E4C /* HomeViewController.swift in Sources */ = {isa = PBXBuildFile; fileRef = B777B95927647DED00EF0E4C /* HomeViewController.swift */; };
		CE4E8661275F423E0010B915 /* AppDelegate.swift in Sources */ = {isa = PBXBuildFile; fileRef = CE4E8660275F423E0010B915 /* AppDelegate.swift */; };
		CE4E8663275F423E0010B915 /* ViewController.swift in Sources */ = {isa = PBXBuildFile; fileRef = CE4E8662275F423E0010B915 /* ViewController.swift */; };
		CE4E8666275F423E0010B915 /* Main.storyboard in Resources */ = {isa = PBXBuildFile; fileRef = CE4E8664275F423E0010B915 /* Main.storyboard */; };
		CE4E8669275F423E0010B915 /* viary.xcdatamodeld in Sources */ = {isa = PBXBuildFile; fileRef = CE4E8667275F423E0010B915 /* viary.xcdatamodeld */; };
		CE4E866B275F424A0010B915 /* Assets.xcassets in Resources */ = {isa = PBXBuildFile; fileRef = CE4E866A275F424A0010B915 /* Assets.xcassets */; };
		CE4E866E275F424B0010B915 /* LaunchScreen.storyboard in Resources */ = {isa = PBXBuildFile; fileRef = CE4E866C275F424B0010B915 /* LaunchScreen.storyboard */; };
		CE878CC72775F6EA0005E98D /* User.swift in Sources */ = {isa = PBXBuildFile; fileRef = CE878CC62775F6EA0005E98D /* User.swift */; };
		CE9430B0276B0A4F004BCC97 /* WelcomeViewController.swift in Sources */ = {isa = PBXBuildFile; fileRef = CE9430AF276B0A4F004BCC97 /* WelcomeViewController.swift */; };
		CE9430B4276B0A7A004BCC97 /* LoginViewController.swift in Sources */ = {isa = PBXBuildFile; fileRef = CE9430B3276B0A7A004BCC97 /* LoginViewController.swift */; };
		CE9430B6276B0A8C004BCC97 /* RegisterViewController.swift in Sources */ = {isa = PBXBuildFile; fileRef = CE9430B5276B0A8C004BCC97 /* RegisterViewController.swift */; };
		CEBC390B276B1843002C6B35 /* Helper.swift in Sources */ = {isa = PBXBuildFile; fileRef = CEBC390A276B1843002C6B35 /* Helper.swift */; };
		E63D4BA427646BFB00DCAEEB /* CreateEditViewController.swift in Sources */ = {isa = PBXBuildFile; fileRef = E63D4BA327646BFB00DCAEEB /* CreateEditViewController.swift */; };
		E645C1892762405500E3305C /* ProfileViewController.swift in Sources */ = {isa = PBXBuildFile; fileRef = E645C1882762405500E3305C /* ProfileViewController.swift */; };
/* End PBXBuildFile section */

/* Begin PBXFileReference section */
		B777B95927647DED00EF0E4C /* HomeViewController.swift */ = {isa = PBXFileReference; lastKnownFileType = sourcecode.swift; path = HomeViewController.swift; sourceTree = SOURCE_ROOT; };
		CE4E865D275F423D0010B915 /* viary.app */ = {isa = PBXFileReference; explicitFileType = wrapper.application; includeInIndex = 0; path = viary.app; sourceTree = BUILT_PRODUCTS_DIR; };
		CE4E8660275F423E0010B915 /* AppDelegate.swift */ = {isa = PBXFileReference; lastKnownFileType = sourcecode.swift; path = AppDelegate.swift; sourceTree = "<group>"; };
		CE4E8662275F423E0010B915 /* ViewController.swift */ = {isa = PBXFileReference; lastKnownFileType = sourcecode.swift; path = ViewController.swift; sourceTree = "<group>"; };
		CE4E8665275F423E0010B915 /* Base */ = {isa = PBXFileReference; lastKnownFileType = file.storyboard; name = Base; path = Base.lproj/Main.storyboard; sourceTree = "<group>"; };
		CE4E8668275F423E0010B915 /* viary.xcdatamodel */ = {isa = PBXFileReference; lastKnownFileType = wrapper.xcdatamodel; path = viary.xcdatamodel; sourceTree = "<group>"; };
		CE4E866A275F424A0010B915 /* Assets.xcassets */ = {isa = PBXFileReference; lastKnownFileType = folder.assetcatalog; path = Assets.xcassets; sourceTree = "<group>"; };
		CE4E866D275F424B0010B915 /* Base */ = {isa = PBXFileReference; lastKnownFileType = file.storyboard; name = Base; path = Base.lproj/LaunchScreen.storyboard; sourceTree = "<group>"; };
		CE4E866F275F424B0010B915 /* Info.plist */ = {isa = PBXFileReference; lastKnownFileType = text.plist.xml; path = Info.plist; sourceTree = "<group>"; };
		CE878CC62775F6EA0005E98D /* User.swift */ = {isa = PBXFileReference; lastKnownFileType = sourcecode.swift; path = User.swift; sourceTree = "<group>"; };
		CE9430AF276B0A4F004BCC97 /* WelcomeViewController.swift */ = {isa = PBXFileReference; lastKnownFileType = sourcecode.swift; path = WelcomeViewController.swift; sourceTree = "<group>"; };
		CE9430B3276B0A7A004BCC97 /* LoginViewController.swift */ = {isa = PBXFileReference; lastKnownFileType = sourcecode.swift; path = LoginViewController.swift; sourceTree = "<group>"; };
		CE9430B5276B0A8C004BCC97 /* RegisterViewController.swift */ = {isa = PBXFileReference; lastKnownFileType = sourcecode.swift; path = RegisterViewController.swift; sourceTree = "<group>"; };
		CEBC390A276B1843002C6B35 /* Helper.swift */ = {isa = PBXFileReference; lastKnownFileType = sourcecode.swift; path = Helper.swift; sourceTree = "<group>"; };
		E63D4BA327646BFB00DCAEEB /* CreateEditViewController.swift */ = {isa = PBXFileReference; lastKnownFileType = sourcecode.swift; path = CreateEditViewController.swift; sourceTree = "<group>"; };
		E645C1882762405500E3305C /* ProfileViewController.swift */ = {isa = PBXFileReference; lastKnownFileType = sourcecode.swift; path = ProfileViewController.swift; sourceTree = "<group>"; };
/* End PBXFileReference section */

/* Begin PBXFrameworksBuildPhase section */
		CE4E865A275F423D0010B915 /* Frameworks */ = {
			isa = PBXFrameworksBuildPhase;
			buildActionMask = 2147483647;
			files = (
			);
			runOnlyForDeploymentPostprocessing = 0;
		};
/* End PBXFrameworksBuildPhase section */

/* Begin PBXGroup section */
		CE4E8654275F423D0010B915 = {
			isa = PBXGroup;
			children = (
				CE4E865F275F423D0010B915 /* viary */,
				CE4E865E275F423D0010B915 /* Products */,
			);
			sourceTree = "<group>";
		};
		CE4E865E275F423D0010B915 /* Products */ = {
			isa = PBXGroup;
			children = (
				CE4E865D275F423D0010B915 /* viary.app */,
			);
			name = Products;
			sourceTree = "<group>";
		};
		CE4E865F275F423D0010B915 /* viary */ = {
			isa = PBXGroup;
			children = (
				CE4E8660275F423E0010B915 /* AppDelegate.swift */,
				CE4E8662275F423E0010B915 /* ViewController.swift */,
				CE4E8664275F423E0010B915 /* Main.storyboard */,
				E63D4BA327646BFB00DCAEEB /* CreateEditViewController.swift */,
				E645C1882762405500E3305C /* ProfileViewController.swift */,
				CE4E866A275F424A0010B915 /* Assets.xcassets */,
				CE4E866C275F424B0010B915 /* LaunchScreen.storyboard */,
				CE4E866F275F424B0010B915 /* Info.plist */,
				CE4E8667275F423E0010B915 /* viary.xcdatamodeld */,
				B777B95927647DED00EF0E4C /* HomeViewController.swift */,
				CE9430AF276B0A4F004BCC97 /* WelcomeViewController.swift */,
				CE9430B3276B0A7A004BCC97 /* LoginViewController.swift */,
				CE9430B5276B0A8C004BCC97 /* RegisterViewController.swift */,
				CEBC390A276B1843002C6B35 /* Helper.swift */,
				CE878CC62775F6EA0005E98D /* User.swift */,
			);
			path = viary;
			sourceTree = "<group>";
		};
/* End PBXGroup section */

/* Begin PBXNativeTarget section */
		CE4E865C275F423D0010B915 /* viary */ = {
			isa = PBXNativeTarget;
			buildConfigurationList = CE4E8672275F424B0010B915 /* Build configuration list for PBXNativeTarget "viary" */;
			buildPhases = (
				CE4E8659275F423D0010B915 /* Sources */,
				CE4E865A275F423D0010B915 /* Frameworks */,
				CE4E865B275F423D0010B915 /* Resources */,
			);
			buildRules = (
			);
			dependencies = (
			);
			name = viary;
			productName = viary;
			productReference = CE4E865D275F423D0010B915 /* viary.app */;
			productType = "com.apple.product-type.application";
		};
/* End PBXNativeTarget section */

/* Begin PBXProject section */
		CE4E8655275F423D0010B915 /* Project object */ = {
			isa = PBXProject;
			attributes = {
				LastSwiftUpdateCheck = 1010;
				LastUpgradeCheck = 1010;
				ORGANIZATIONNAME = ltm;
				TargetAttributes = {
					CE4E865C275F423D0010B915 = {
						CreatedOnToolsVersion = 10.1;
					};
				};
			};
			buildConfigurationList = CE4E8658275F423D0010B915 /* Build configuration list for PBXProject "viary" */;
			compatibilityVersion = "Xcode 9.3";
			developmentRegion = en;
			hasScannedForEncodings = 0;
			knownRegions = (
				en,
				Base,
			);
			mainGroup = CE4E8654275F423D0010B915;
			productRefGroup = CE4E865E275F423D0010B915 /* Products */;
			projectDirPath = "";
			projectRoot = "";
			targets = (
				CE4E865C275F423D0010B915 /* viary */,
			);
		};
/* End PBXProject section */

/* Begin PBXResourcesBuildPhase section */
		CE4E865B275F423D0010B915 /* Resources */ = {
			isa = PBXResourcesBuildPhase;
			buildActionMask = 2147483647;
			files = (
				CE4E866E275F424B0010B915 /* LaunchScreen.storyboard in Resources */,
				CE4E866B275F424A0010B915 /* Assets.xcassets in Resources */,
				CE4E8666275F423E0010B915 /* Main.storyboard in Resources */,
			);
			runOnlyForDeploymentPostprocessing = 0;
		};
/* End PBXResourcesBuildPhase section */

/* Begin PBXSourcesBuildPhase section */
		CE4E8659275F423D0010B915 /* Sources */ = {
			isa = PBXSourcesBuildPhase;
			buildActionMask = 2147483647;
			files = (
				CE9430B6276B0A8C004BCC97 /* RegisterViewController.swift in Sources */,
				CE4E8663275F423E0010B915 /* ViewController.swift in Sources */,
				CE4E8661275F423E0010B915 /* AppDelegate.swift in Sources */,
				E645C1892762405500E3305C /* ProfileViewController.swift in Sources */,
				CE4E8669275F423E0010B915 /* viary.xcdatamodeld in Sources */,
				CE9430B4276B0A7A004BCC97 /* LoginViewController.swift in Sources */,
				E63D4BA427646BFB00DCAEEB /* CreateEditViewController.swift in Sources */,
				CEBC390B276B1843002C6B35 /* Helper.swift in Sources */,
				B777B95A27647DED00EF0E4C /* HomeViewController.swift in Sources */,
				CE9430B0276B0A4F004BCC97 /* WelcomeViewController.swift in Sources */,
				CE878CC72775F6EA0005E98D /* User.swift in Sources */,
			);
			runOnlyForDeploymentPostprocessing = 0;
		};
/* End PBXSourcesBuildPhase section */

/* Begin PBXVariantGroup section */
		CE4E8664275F423E0010B915 /* Main.storyboard */ = {
			isa = PBXVariantGroup;
			children = (
				CE4E8665275F423E0010B915 /* Base */,
			);
			name = Main.storyboard;
			sourceTree = "<group>";
		};
		CE4E866C275F424B0010B915 /* LaunchScreen.storyboard */ = {
			isa = PBXVariantGroup;
			children = (
				CE4E866D275F424B0010B915 /* Base */,
			);
			name = LaunchScreen.storyboard;
			sourceTree = "<group>";
		};
/* End PBXVariantGroup section */

/* Begin XCBuildConfiguration section */
		CE4E8670275F424B0010B915 /* Debug */ = {
			isa = XCBuildConfiguration;
			buildSettings = {
				ALWAYS_SEARCH_USER_PATHS = NO;
				CLANG_ANALYZER_NONNULL = YES;
				CLANG_ANALYZER_NUMBER_OBJECT_CONVERSION = YES_AGGRESSIVE;
				CLANG_CXX_LANGUAGE_STANDARD = "gnu++14";
				CLANG_CXX_LIBRARY = "libc++";
				CLANG_ENABLE_MODULES = YES;
				CLANG_ENABLE_OBJC_ARC = YES;
				CLANG_ENABLE_OBJC_WEAK = YES;
				CLANG_WARN_BLOCK_CAPTURE_AUTORELEASING = YES;
				CLANG_WARN_BOOL_CONVERSION = YES;
				CLANG_WARN_COMMA = YES;
				CLANG_WARN_CONSTANT_CONVERSION = YES;
				CLANG_WARN_DEPRECATED_OBJC_IMPLEMENTATIONS = YES;
				CLANG_WARN_DIRECT_OBJC_ISA_USAGE = YES_ERROR;
				CLANG_WARN_DOCUMENTATION_COMMENTS = YES;
				CLANG_WARN_EMPTY_BODY = YES;
				CLANG_WARN_ENUM_CONVERSION = YES;
				CLANG_WARN_INFINITE_RECURSION = YES;
				CLANG_WARN_INT_CONVERSION = YES;
				CLANG_WARN_NON_LITERAL_NULL_CONVERSION = YES;
				CLANG_WARN_OBJC_IMPLICIT_RETAIN_SELF = YES;
				CLANG_WARN_OBJC_LITERAL_CONVERSION = YES;
				CLANG_WARN_OBJC_ROOT_CLASS = YES_ERROR;
				CLANG_WARN_RANGE_LOOP_ANALYSIS = YES;
				CLANG_WARN_STRICT_PROTOTYPES = YES;
				CLANG_WARN_SUSPICIOUS_MOVE = YES;
				CLANG_WARN_UNGUARDED_AVAILABILITY = YES_AGGRESSIVE;
				CLANG_WARN_UNREACHABLE_CODE = YES;
				CLANG_WARN__DUPLICATE_METHOD_MATCH = YES;
				CODE_SIGN_IDENTITY = "iPhone Developer";
				COPY_PHASE_STRIP = NO;
				DEBUG_INFORMATION_FORMAT = dwarf;
				ENABLE_STRICT_OBJC_MSGSEND = YES;
				ENABLE_TESTABILITY = YES;
				GCC_C_LANGUAGE_STANDARD = gnu11;
				GCC_DYNAMIC_NO_PIC = NO;
				GCC_NO_COMMON_BLOCKS = YES;
				GCC_OPTIMIZATION_LEVEL = 0;
				GCC_PREPROCESSOR_DEFINITIONS = (
					"DEBUG=1",
					"$(inherited)",
				);
				GCC_WARN_64_TO_32_BIT_CONVERSION = YES;
				GCC_WARN_ABOUT_RETURN_TYPE = YES_ERROR;
				GCC_WARN_UNDECLARED_SELECTOR = YES;
				GCC_WARN_UNINITIALIZED_AUTOS = YES_AGGRESSIVE;
				GCC_WARN_UNUSED_FUNCTION = YES;
				GCC_WARN_UNUSED_VARIABLE = YES;
				IPHONEOS_DEPLOYMENT_TARGET = 12.1;
				MTL_ENABLE_DEBUG_INFO = INCLUDE_SOURCE;
				MTL_FAST_MATH = YES;
				ONLY_ACTIVE_ARCH = YES;
				SDKROOT = iphoneos;
				SWIFT_ACTIVE_COMPILATION_CONDITIONS = DEBUG;
				SWIFT_OPTIMIZATION_LEVEL = "-Onone";
			};
			name = Debug;
		};
		CE4E8671275F424B0010B915 /* Release */ = {
			isa = XCBuildConfiguration;
			buildSettings = {
				ALWAYS_SEARCH_USER_PATHS = NO;
				CLANG_ANALYZER_NONNULL = YES;
				CLANG_ANALYZER_NUMBER_OBJECT_CONVERSION = YES_AGGRESSIVE;
				CLANG_CXX_LANGUAGE_STANDARD = "gnu++14";
				CLANG_CXX_LIBRARY = "libc++";
				CLANG_ENABLE_MODULES = YES;
				CLANG_ENABLE_OBJC_ARC = YES;
				CLANG_ENABLE_OBJC_WEAK = YES;
				CLANG_WARN_BLOCK_CAPTURE_AUTORELEASING = YES;
				CLANG_WARN_BOOL_CONVERSION = YES;
				CLANG_WARN_COMMA = YES;
				CLANG_WARN_CONSTANT_CONVERSION = YES;
				CLANG_WARN_DEPRECATED_OBJC_IMPLEMENTATIONS = YES;
				CLANG_WARN_DIRECT_OBJC_ISA_USAGE = YES_ERROR;
				CLANG_WARN_DOCUMENTATION_COMMENTS = YES;
				CLANG_WARN_EMPTY_BODY = YES;
				CLANG_WARN_ENUM_CONVERSION = YES;
				CLANG_WARN_INFINITE_RECURSION = YES;
				CLANG_WARN_INT_CONVERSION = YES;
				CLANG_WARN_NON_LITERAL_NULL_CONVERSION = YES;
				CLANG_WARN_OBJC_IMPLICIT_RETAIN_SELF = YES;
				CLANG_WARN_OBJC_LITERAL_CONVERSION = YES;
				CLANG_WARN_OBJC_ROOT_CLASS = YES_ERROR;
				CLANG_WARN_RANGE_LOOP_ANALYSIS = YES;
				CLANG_WARN_STRICT_PROTOTYPES = YES;
				CLANG_WARN_SUSPICIOUS_MOVE = YES;
				CLANG_WARN_UNGUARDED_AVAILABILITY = YES_AGGRESSIVE;
				CLANG_WARN_UNREACHABLE_CODE = YES;
				CLANG_WARN__DUPLICATE_METHOD_MATCH = YES;
				CODE_SIGN_IDENTITY = "iPhone Developer";
				COPY_PHASE_STRIP = NO;
				DEBUG_INFORMATION_FORMAT = "dwarf-with-dsym";
				ENABLE_NS_ASSERTIONS = NO;
				ENABLE_STRICT_OBJC_MSGSEND = YES;
				GCC_C_LANGUAGE_STANDARD = gnu11;
				GCC_NO_COMMON_BLOCKS = YES;
				GCC_WARN_64_TO_32_BIT_CONVERSION = YES;
				GCC_WARN_ABOUT_RETURN_TYPE = YES_ERROR;
				GCC_WARN_UNDECLARED_SELECTOR = YES;
				GCC_WARN_UNINITIALIZED_AUTOS = YES_AGGRESSIVE;
				GCC_WARN_UNUSED_FUNCTION = YES;
				GCC_WARN_UNUSED_VARIABLE = YES;
				IPHONEOS_DEPLOYMENT_TARGET = 12.1;
				MTL_ENABLE_DEBUG_INFO = NO;
				MTL_FAST_MATH = YES;
				SDKROOT = iphoneos;
				SWIFT_COMPILATION_MODE = wholemodule;
				SWIFT_OPTIMIZATION_LEVEL = "-O";
				VALIDATE_PRODUCT = YES;
			};
			name = Release;
		};
		CE4E8673275F424B0010B915 /* Debug */ = {
			isa = XCBuildConfiguration;
			buildSettings = {
				ASSETCATALOG_COMPILER_APPICON_NAME = AppIcon;
				CODE_SIGN_STYLE = Automatic;
				INFOPLIST_FILE = viary/Info.plist;
				LD_RUNPATH_SEARCH_PATHS = (
					"$(inherited)",
					"@executable_path/Frameworks",
				);
				PRODUCT_BUNDLE_IDENTIFIER = com.ltm.viary;
				PRODUCT_NAME = "$(TARGET_NAME)";
				SWIFT_VERSION = 4.2;
				TARGETED_DEVICE_FAMILY = "1,2";
			};
			name = Debug;
		};
		CE4E8674275F424B0010B915 /* Release */ = {
			isa = XCBuildConfiguration;
			buildSettings = {
				ASSETCATALOG_COMPILER_APPICON_NAME = AppIcon;
				CODE_SIGN_STYLE = Automatic;
				INFOPLIST_FILE = viary/Info.plist;
				LD_RUNPATH_SEARCH_PATHS = (
					"$(inherited)",
					"@executable_path/Frameworks",
				);
				PRODUCT_BUNDLE_IDENTIFIER = com.ltm.viary;
				PRODUCT_NAME = "$(TARGET_NAME)";
				SWIFT_VERSION = 4.2;
				TARGETED_DEVICE_FAMILY = "1,2";
			};
			name = Release;
		};
/* End XCBuildConfiguration section */

/* Begin XCConfigurationList section */
		CE4E8658275F423D0010B915 /* Build configuration list for PBXProject "viary" */ = {
			isa = XCConfigurationList;
			buildConfigurations = (
				CE4E8670275F424B0010B915 /* Debug */,
				CE4E8671275F424B0010B915 /* Release */,
			);
			defaultConfigurationIsVisible = 0;
			defaultConfigurationName = Release;
		};
		CE4E8672275F424B0010B915 /* Build configuration list for PBXNativeTarget "viary" */ = {
			isa = XCConfigurationList;
			buildConfigurations = (
				CE4E8673275F424B0010B915 /* Debug */,
				CE4E8674275F424B0010B915 /* Release */,
			);
			defaultConfigurationIsVisible = 0;
			defaultConfigurationName = Release;
		};
/* End XCConfigurationList section */

/* Begin XCVersionGroup section */
		CE4E8667275F423E0010B915 /* viary.xcdatamodeld */ = {
			isa = XCVersionGroup;
			children = (
				CE4E8668275F423E0010B915 /* viary.xcdatamodel */,
			);
			currentVersion = CE4E8668275F423E0010B915 /* viary.xcdatamodel */;
			path = viary.xcdatamodeld;
			sourceTree = "<group>";
			versionGroupType = wrapper.xcdatamodel;
		};
/* End XCVersionGroup section */
	};
	rootObject = CE4E8655275F423D0010B915 /* Project object */;
}
